
Microsoft Visual Studio Solution File, Format Version 12.00
# Visual Studio Version 17
VisualStudioVersion = 17.10.35122.118
MinimumVisualStudioVersion = 10.0.40219.1
Project("{8BC9CEB8-8B4A-11D0-8D11-00A0C91BC942}") = "Program", "Program.vcxproj", "{A913531D-21C2-4B0E-82F2-794B8F3816C0}"
EndProject
Project("{8BC9CEB8-8B4A-11D0-8D11-00A0C91BC942}") = "Class 1th (SIngle Linked List)", "..\Class 1th (SIngle Linked List)\Class 1th (SIngle Linked List).vcxproj", "{4DE795B7-F0FE-4207-8E7E-29DFC7C98634}"
EndProject
Project("{8BC9CEB8-8B4A-11D0-8D11-00A0C91BC942}") = "Class 2th (Double Linked List)", "..\Class 2th (Double Linked List)\Class 2th (Double Linked List).vcxproj", "{CD8D4E9F-1EB2-4B54-827D-B05488835FD0}"
EndProject
Project("{8BC9CEB8-8B4A-11D0-8D11-00A0C91BC942}") = "Class 3th (Circle Linked List)", "..\Class 3th (Circle Linked List)\Class 3th (Circle Linked List).vcxproj", "{28386E44-9073-49A5-B29A-FBB5FD9A37C4}"
EndProject
Project("{8BC9CEB8-8B4A-11D0-8D11-00A0C91BC942}") = "Class 4th (Stack)", "..\Class 4th (Stack)\Class 4th (Stack).vcxproj", "{3200B56F-7BA7-40D5-9820-FDF279A704F3}"
EndProject
Project("{8BC9CEB8-8B4A-11D0-8D11-00A0C91BC942}") = "Class 5th (Linear Queue)", "..\Class 5th (Linear Queue)\Class 5th (Linear Queue).vcxproj", "{F1C24A46-8DD7-41CF-BA14-3EBC0EFC505B}"
EndProject
Project("{8BC9CEB8-8B4A-11D0-8D11-00A0C91BC942}") = "Class 6th (Circle Queue)", "..\Class 6th (Circle Queue)\Class 6th (Circle Queue).vcxproj", "{9BC10F34-627D-4733-A81D-7CDA02B7A11B}"
EndProject
Project("{8BC9CEB8-8B4A-11D0-8D11-00A0C91BC942}") = "Class 7th (Vector)", "..\Class 7th (Vector)\Class 7th (Vector).vcxproj", "{BEA11B8D-6D13-46C8-B553-0F469EE0306C}"
EndProject
Project("{8BC9CEB8-8B4A-11D0-8D11-00A0C91BC942}") = "Class 8th (String)", "..\Class 8th (String)\Class 8th (String).vcxproj", "{F3D534B6-EA7A-4C8B-8140-4F5D2F69D8DF}"
EndProject
Project("{8BC9CEB8-8B4A-11D0-8D11-00A0C91BC942}") = "Class 9th (Binary Tree)", "..\Class 9th (Binary Tree)\Class 9th (Binary Tree).vcxproj", "{5605BD32-A5C0-4519-9F72-2432F9415275}"
EndProject
Project("{8BC9CEB8-8B4A-11D0-8D11-00A0C91BC942}") = "Class 10th (Hash Table)", "..\Class 10th (Hash Table)\Class 10th (Hash Table).vcxproj", "{561ECFBF-C446-4CF7-AB76-BC3D47765D9B}"
EndProject
Project("{8BC9CEB8-8B4A-11D0-8D11-00A0C91BC942}") = "Class 11th (Heap)", "..\Class 11th (Heap)\Class 11th (Heap).vcxproj", "{329A89B0-9CB1-4221-969E-0FE8F7D495DD}"
EndProject
Project("{8BC9CEB8-8B4A-11D0-8D11-00A0C91BC942}") = "Class 12th (Adjacency Matrix)", "..\Class 12th (Adjancency Matrix)\Class 12th (Adjancency Matrix).vcxproj", "{B491FAB4-44FA-488D-B5A1-80A1AFD3AC5A}"
EndProject
Project("{8BC9CEB8-8B4A-11D0-8D11-00A0C91BC942}") = "Class 13th (Adjacency List)", "..\Class 13th (Adjacency List)\Class 13th (Adjacency List).vcxproj", "{4D207CC6-8E8D-4AFF-A91D-2293CD7AEF86}"
EndProject
Global
	GlobalSection(SolutionConfigurationPlatforms) = preSolution
		Debug|x64 = Debug|x64
		Debug|x86 = Debug|x86
		Release|x64 = Release|x64
		Release|x86 = Release|x86
	EndGlobalSection
	GlobalSection(ProjectConfigurationPlatforms) = postSolution
		{A913531D-21C2-4B0E-82F2-794B8F3816C0}.Debug|x64.ActiveCfg = Debug|x64
		{A913531D-21C2-4B0E-82F2-794B8F3816C0}.Debug|x64.Build.0 = Debug|x64
		{A913531D-21C2-4B0E-82F2-794B8F3816C0}.Debug|x86.ActiveCfg = Debug|Win32
		{A913531D-21C2-4B0E-82F2-794B8F3816C0}.Debug|x86.Build.0 = Debug|Win32
		{A913531D-21C2-4B0E-82F2-794B8F3816C0}.Release|x64.ActiveCfg = Release|x64
		{A913531D-21C2-4B0E-82F2-794B8F3816C0}.Release|x64.Build.0 = Release|x64
		{A913531D-21C2-4B0E-82F2-794B8F3816C0}.Release|x86.ActiveCfg = Release|Win32
		{A913531D-21C2-4B0E-82F2-794B8F3816C0}.Release|x86.Build.0 = Release|Win32
		{4DE795B7-F0FE-4207-8E7E-29DFC7C98634}.Debug|x64.ActiveCfg = Debug|x64
		{4DE795B7-F0FE-4207-8E7E-29DFC7C98634}.Debug|x64.Build.0 = Debug|x64
		{4DE795B7-F0FE-4207-8E7E-29DFC7C98634}.Debug|x86.ActiveCfg = Debug|Win32
		{4DE795B7-F0FE-4207-8E7E-29DFC7C98634}.Debug|x86.Build.0 = Debug|Win32
		{4DE795B7-F0FE-4207-8E7E-29DFC7C98634}.Release|x64.ActiveCfg = Release|x64
		{4DE795B7-F0FE-4207-8E7E-29DFC7C98634}.Release|x64.Build.0 = Release|x64
		{4DE795B7-F0FE-4207-8E7E-29DFC7C98634}.Release|x86.ActiveCfg = Release|Win32
		{4DE795B7-F0FE-4207-8E7E-29DFC7C98634}.Release|x86.Build.0 = Release|Win32
		{CD8D4E9F-1EB2-4B54-827D-B05488835FD0}.Debug|x64.ActiveCfg = Debug|x64
		{CD8D4E9F-1EB2-4B54-827D-B05488835FD0}.Debug|x64.Build.0 = Debug|x64
		{CD8D4E9F-1EB2-4B54-827D-B05488835FD0}.Debug|x86.ActiveCfg = Debug|Win32
		{CD8D4E9F-1EB2-4B54-827D-B05488835FD0}.Debug|x86.Build.0 = Debug|Win32
		{CD8D4E9F-1EB2-4B54-827D-B05488835FD0}.Release|x64.ActiveCfg = Release|x64
		{CD8D4E9F-1EB2-4B54-827D-B05488835FD0}.Release|x64.Build.0 = Release|x64
		{CD8D4E9F-1EB2-4B54-827D-B05488835FD0}.Release|x86.ActiveCfg = Release|Win32
		{CD8D4E9F-1EB2-4B54-827D-B05488835FD0}.Release|x86.Build.0 = Release|Win32
		{28386E44-9073-49A5-B29A-FBB5FD9A37C4}.Debug|x64.ActiveCfg = Debug|x64
		{28386E44-9073-49A5-B29A-FBB5FD9A37C4}.Debug|x64.Build.0 = Debug|x64
		{28386E44-9073-49A5-B29A-FBB5FD9A37C4}.Debug|x86.ActiveCfg = Debug|Win32
		{28386E44-9073-49A5-B29A-FBB5FD9A37C4}.Debug|x86.Build.0 = Debug|Win32
		{28386E44-9073-49A5-B29A-FBB5FD9A37C4}.Release|x64.ActiveCfg = Release|x64
		{28386E44-9073-49A5-B29A-FBB5FD9A37C4}.Release|x64.Build.0 = Release|x64
		{28386E44-9073-49A5-B29A-FBB5FD9A37C4}.Release|x86.ActiveCfg = Release|Win32
		{28386E44-9073-49A5-B29A-FBB5FD9A37C4}.Release|x86.Build.0 = Release|Win32
		{3200B56F-7BA7-40D5-9820-FDF279A704F3}.Debug|x64.ActiveCfg = Debug|x64
		{3200B56F-7BA7-40D5-9820-FDF279A704F3}.Debug|x64.Build.0 = Debug|x64
		{3200B56F-7BA7-40D5-9820-FDF279A704F3}.Debug|x86.ActiveCfg = Debug|Win32
		{3200B56F-7BA7-40D5-9820-FDF279A704F3}.Debug|x86.Build.0 = Debug|Win32
		{3200B56F-7BA7-40D5-9820-FDF279A704F3}.Release|x64.ActiveCfg = Release|x64
		{3200B56F-7BA7-40D5-9820-FDF279A704F3}.Release|x64.Build.0 = Release|x64
		{3200B56F-7BA7-40D5-9820-FDF279A704F3}.Release|x86.ActiveCfg = Release|Win32
		{3200B56F-7BA7-40D5-9820-FDF279A704F3}.Release|x86.Build.0 = Release|Win32
		{F1C24A46-8DD7-41CF-BA14-3EBC0EFC505B}.Debug|x64.ActiveCfg = Debug|x64
		{F1C24A46-8DD7-41CF-BA14-3EBC0EFC505B}.Debug|x64.Build.0 = Debug|x64
		{F1C24A46-8DD7-41CF-BA14-3EBC0EFC505B}.Debug|x86.ActiveCfg = Debug|Win32
		{F1C24A46-8DD7-41CF-BA14-3EBC0EFC505B}.Debug|x86.Build.0 = Debug|Win32
		{F1C24A46-8DD7-41CF-BA14-3EBC0EFC505B}.Release|x64.ActiveCfg = Release|x64
		{F1C24A46-8DD7-41CF-BA14-3EBC0EFC505B}.Release|x64.Build.0 = Release|x64
		{F1C24A46-8DD7-41CF-BA14-3EBC0EFC505B}.Release|x86.ActiveCfg = Release|Win32
		{F1C24A46-8DD7-41CF-BA14-3EBC0EFC505B}.Release|x86.Build.0 = Release|Win32
		{9BC10F34-627D-4733-A81D-7CDA02B7A11B}.Debug|x64.ActiveCfg = Debug|x64
		{9BC10F34-627D-4733-A81D-7CDA02B7A11B}.Debug|x64.Build.0 = Debug|x64
		{9BC10F34-627D-4733-A81D-7CDA02B7A11B}.Debug|x86.ActiveCfg = Debug|Win32
		{9BC10F34-627D-4733-A81D-7CDA02B7A11B}.Debug|x86.Build.0 = Debug|Win32
		{9BC10F34-627D-4733-A81D-7CDA02B7A11B}.Release|x64.ActiveCfg = Release|x64
		{9BC10F34-627D-4733-A81D-7CDA02B7A11B}.Release|x64.Build.0 = Release|x64
		{9BC10F34-627D-4733-A81D-7CDA02B7A11B}.Release|x86.ActiveCfg = Release|Win32
		{9BC10F34-627D-4733-A81D-7CDA02B7A11B}.Release|x86.Build.0 = Release|Win32
		{BEA11B8D-6D13-46C8-B553-0F469EE0306C}.Debug|x64.ActiveCfg = Debug|x64
		{BEA11B8D-6D13-46C8-B553-0F469EE0306C}.Debug|x64.Build.0 = Debug|x64
		{BEA11B8D-6D13-46C8-B553-0F469EE0306C}.Debug|x86.ActiveCfg = Debug|Win32
		{BEA11B8D-6D13-46C8-B553-0F469EE0306C}.Debug|x86.Build.0 = Debug|Win32
		{BEA11B8D-6D13-46C8-B553-0F469EE0306C}.Release|x64.ActiveCfg = Release|x64
		{BEA11B8D-6D13-46C8-B553-0F469EE0306C}.Release|x64.Build.0 = Release|x64
		{BEA11B8D-6D13-46C8-B553-0F469EE0306C}.Release|x86.ActiveCfg = Release|Win32
		{BEA11B8D-6D13-46C8-B553-0F469EE0306C}.Release|x86.Build.0 = Release|Win32
		{F3D534B6-EA7A-4C8B-8140-4F5D2F69D8DF}.Debug|x64.ActiveCfg = Debug|x64
		{F3D534B6-EA7A-4C8B-8140-4F5D2F69D8DF}.Debug|x64.Build.0 = Debug|x64
		{F3D534B6-EA7A-4C8B-8140-4F5D2F69D8DF}.Debug|x86.ActiveCfg = Debug|Win32
		{F3D534B6-EA7A-4C8B-8140-4F5D2F69D8DF}.Debug|x86.Build.0 = Debug|Win32
		{F3D534B6-EA7A-4C8B-8140-4F5D2F69D8DF}.Release|x64.ActiveCfg = Release|x64
		{F3D534B6-EA7A-4C8B-8140-4F5D2F69D8DF}.Release|x64.Build.0 = Release|x64
		{F3D534B6-EA7A-4C8B-8140-4F5D2F69D8DF}.Release|x86.ActiveCfg = Release|Win32
		{F3D534B6-EA7A-4C8B-8140-4F5D2F69D8DF}.Release|x86.Build.0 = Release|Win32
		{5605BD32-A5C0-4519-9F72-2432F9415275}.Debug|x64.ActiveCfg = Debug|x64
		{5605BD32-A5C0-4519-9F72-2432F9415275}.Debug|x64.Build.0 = Debug|x64
		{5605BD32-A5C0-4519-9F72-2432F9415275}.Debug|x86.ActiveCfg = Debug|Win32
		{5605BD32-A5C0-4519-9F72-2432F9415275}.Debug|x86.Build.0 = Debug|Win32
		{5605BD32-A5C0-4519-9F72-2432F9415275}.Release|x64.ActiveCfg = Release|x64
		{5605BD32-A5C0-4519-9F72-2432F9415275}.Release|x64.Build.0 = Release|x64
		{5605BD32-A5C0-4519-9F72-2432F9415275}.Release|x86.ActiveCfg = Release|Win32
		{5605BD32-A5C0-4519-9F72-2432F9415275}.Release|x86.Build.0 = Release|Win32
		{561ECFBF-C446-4CF7-AB76-BC3D47765D9B}.Debug|x64.ActiveCfg = Debug|x64
		{561ECFBF-C446-4CF7-AB76-BC3D47765D9B}.Debug|x64.Build.0 = Debug|x64
		{561ECFBF-C446-4CF7-AB76-BC3D47765D9B}.Debug|x86.ActiveCfg = Debug|Win32
		{561ECFBF-C446-4CF7-AB76-BC3D47765D9B}.Debug|x86.Build.0 = Debug|Win32
		{561ECFBF-C446-4CF7-AB76-BC3D47765D9B}.Release|x64.ActiveCfg = Release|x64
		{561ECFBF-C446-4CF7-AB76-BC3D47765D9B}.Release|x64.Build.0 = Release|x64
		{561ECFBF-C446-4CF7-AB76-BC3D47765D9B}.Release|x86.ActiveCfg = Release|Win32
		{561ECFBF-C446-4CF7-AB76-BC3D47765D9B}.Release|x86.Build.0 = Release|Win32
		{329A89B0-9CB1-4221-969E-0FE8F7D495DD}.Debug|x64.ActiveCfg = Debug|x64
		{329A89B0-9CB1-4221-969E-0FE8F7D495DD}.Debug|x64.Build.0 = Debug|x64
		{329A89B0-9CB1-4221-969E-0FE8F7D495DD}.Debug|x86.ActiveCfg = Debug|Win32
		{329A89B0-9CB1-4221-969E-0FE8F7D495DD}.Debug|x86.Build.0 = Debug|Win32
		{329A89B0-9CB1-4221-969E-0FE8F7D495DD}.Release|x64.ActiveCfg = Release|x64
		{329A89B0-9CB1-4221-969E-0FE8F7D495DD}.Release|x64.Build.0 = Release|x64
		{329A89B0-9CB1-4221-969E-0FE8F7D495DD}.Release|x86.ActiveCfg = Release|Win32
		{329A89B0-9CB1-4221-969E-0FE8F7D495DD}.Release|x86.Build.0 = Release|Win32
		{B491FAB4-44FA-488D-B5A1-80A1AFD3AC5A}.Debug|x64.ActiveCfg = Debug|x64
		{B491FAB4-44FA-488D-B5A1-80A1AFD3AC5A}.Debug|x64.Build.0 = Debug|x64
		{B491FAB4-44FA-488D-B5A1-80A1AFD3AC5A}.Debug|x86.ActiveCfg = Debug|Win32
		{B491FAB4-44FA-488D-B5A1-80A1AFD3AC5A}.Debug|x86.Build.0 = Debug|Win32
		{B491FAB4-44FA-488D-B5A1-80A1AFD3AC5A}.Release|x64.ActiveCfg = Release|x64
		{B491FAB4-44FA-488D-B5A1-80A1AFD3AC5A}.Release|x64.Build.0 = Release|x64
		{B491FAB4-44FA-488D-B5A1-80A1AFD3AC5A}.Release|x86.ActiveCfg = Release|Win32
		{B491FAB4-44FA-488D-B5A1-80A1AFD3AC5A}.Release|x86.Build.0 = Release|Win32
		{4D207CC6-8E8D-4AFF-A91D-2293CD7AEF86}.Debug|x64.ActiveCfg = Debug|x64
		{4D207CC6-8E8D-4AFF-A91D-2293CD7AEF86}.Debug|x64.Build.0 = Debug|x64
		{4D207CC6-8E8D-4AFF-A91D-2293CD7AEF86}.Debug|x86.ActiveCfg = Debug|Win32
		{4D207CC6-8E8D-4AFF-A91D-2293CD7AEF86}.Debug|x86.Build.0 = Debug|Win32
		{4D207CC6-8E8D-4AFF-A91D-2293CD7AEF86}.Release|x64.ActiveCfg = Release|x64
		{4D207CC6-8E8D-4AFF-A91D-2293CD7AEF86}.Release|x64.Build.0 = Release|x64
		{4D207CC6-8E8D-4AFF-A91D-2293CD7AEF86}.Release|x86.ActiveCfg = Release|Win32
		{4D207CC6-8E8D-4AFF-A91D-2293CD7AEF86}.Release|x86.Build.0 = Release|Win32
	EndGlobalSection
	GlobalSection(SolutionProperties) = preSolution
		HideSolutionNode = FALSE
	EndGlobalSection
	GlobalSection(ExtensibilityGlobals) = postSolution
		SolutionGuid = {0BDAEF42-9FFE-4D45-B55D-50B6E4C10AAB}
	EndGlobalSection
EndGlobal
